
Microsoft Visual Studio Solution File, Format Version 12.00
# Visual Studio Version 17
VisualStudioVersion = 17.4.33213.308
MinimumVisualStudioVersion = 10.0.40219.1
Project("{FAE04EC0-301F-11D3-BF4B-00C04F79EFBC}") = "WpfApp1", "WpfApp1\WpfApp1.csproj", "{0AB2F39A-FA01-4145-A6C3-052349E01B36}"
EndProject
Global
	GlobalSection(SolutionConfigurationPlatforms) = preSolution
		Debug|Any CPU = Debug|Any CPU
		Release|Any CPU = Release|Any CPU
	EndGlobalSection
	GlobalSection(ProjectConfigurationPlatforms) = postSolution
		{0AB2F39A-FA01-4145-A6C3-052349E01B36}.Debug|Any CPU.ActiveCfg = Debug|Any CPU
		{0AB2F39A-FA01-4145-A6C3-052349E01B36}.Debug|Any CPU.Build.0 = Debug|Any CPU
		{0AB2F39A-FA01-4145-A6C3-052349E01B36}.Release|Any CPU.ActiveCfg = Release|Any CPU
		{0AB2F39A-FA01-4145-A6C3-052349E01B36}.Release|Any CPU.Build.0 = Release|Any CPU
	EndGlobalSection
	GlobalSection(SolutionProperties) = preSolution
		HideSolutionNode = FALSE
	EndGlobalSection
	GlobalSection(ExtensibilityGlobals) = postSolution
		SolutionGuid = {BFCE81CD-1B36-4CB3-90A2-0A687B0DC2DE}
	EndGlobalSection
EndGlobal
